
Microsoft Visual Studio Solution File, Format Version 12.00
# Visual Studio Version 16
VisualStudioVersion = 16.0.810.16
MinimumVisualStudioVersion = 10.0.40219.1
Project("{FAE04EC0-301F-11D3-BF4B-00C04F79EFBC}") = "IDScanApp.Android", "IDScanApp.Android\IDScanApp.Android.csproj", "{03E2FE3A-9EDC-4419-AEE4-0F91694EC98E}"
EndProject
Project("{FAE04EC0-301F-11D3-BF4B-00C04F79EFBC}") = "IDScanApp.iOS", "IDScanApp.iOS\IDScanApp.iOS.csproj", "{5A795BC0-1B85-47C4-9677-BA6299677233}"
EndProject
Project("{FAE04EC0-301F-11D3-BF4B-00C04F79EFBC}") = "IDScanApp", "IDScanApp\IDScanApp.csproj", "{285C7120-3753-45F8-9378-AD64FEAECC7F}"
EndProject
Global
	GlobalSection(SolutionConfigurationPlatforms) = preSolution
		Debug|Any CPU = Debug|Any CPU
		Release|Any CPU = Release|Any CPU
		Debug|iPhoneSimulator = Debug|iPhoneSimulator
		Release|iPhoneSimulator = Release|iPhoneSimulator
		Debug|iPhone = Debug|iPhone
		Release|iPhone = Release|iPhone
	EndGlobalSection
	GlobalSection(ProjectConfigurationPlatforms) = postSolution
		{03E2FE3A-9EDC-4419-AEE4-0F91694EC98E}.Debug|Any CPU.ActiveCfg = Debug|Any CPU
		{03E2FE3A-9EDC-4419-AEE4-0F91694EC98E}.Debug|Any CPU.Build.0 = Debug|Any CPU
		{03E2FE3A-9EDC-4419-AEE4-0F91694EC98E}.Release|Any CPU.ActiveCfg = Release|Any CPU
		{03E2FE3A-9EDC-4419-AEE4-0F91694EC98E}.Release|Any CPU.Build.0 = Release|Any CPU
		{03E2FE3A-9EDC-4419-AEE4-0F91694EC98E}.Debug|iPhoneSimulator.ActiveCfg = Debug|Any CPU
		{03E2FE3A-9EDC-4419-AEE4-0F91694EC98E}.Debug|iPhoneSimulator.Build.0 = Debug|Any CPU
		{03E2FE3A-9EDC-4419-AEE4-0F91694EC98E}.Release|iPhoneSimulator.ActiveCfg = Release|Any CPU
		{03E2FE3A-9EDC-4419-AEE4-0F91694EC98E}.Release|iPhoneSimulator.Build.0 = Release|Any CPU
		{03E2FE3A-9EDC-4419-AEE4-0F91694EC98E}.Debug|iPhone.ActiveCfg = Debug|Any CPU
		{03E2FE3A-9EDC-4419-AEE4-0F91694EC98E}.Debug|iPhone.Build.0 = Debug|Any CPU
		{03E2FE3A-9EDC-4419-AEE4-0F91694EC98E}.Release|iPhone.ActiveCfg = Release|Any CPU
		{03E2FE3A-9EDC-4419-AEE4-0F91694EC98E}.Release|iPhone.Build.0 = Release|Any CPU
		{5A795BC0-1B85-47C4-9677-BA6299677233}.Debug|Any CPU.ActiveCfg = Debug|iPhoneSimulator
		{5A795BC0-1B85-47C4-9677-BA6299677233}.Debug|Any CPU.Build.0 = Debug|iPhoneSimulator
		{5A795BC0-1B85-47C4-9677-BA6299677233}.Release|Any CPU.ActiveCfg = Release|iPhoneSimulator
		{5A795BC0-1B85-47C4-9677-BA6299677233}.Release|Any CPU.Build.0 = Release|iPhoneSimulator
		{5A795BC0-1B85-47C4-9677-BA6299677233}.Debug|iPhoneSimulator.ActiveCfg = Debug|iPhoneSimulator
		{5A795BC0-1B85-47C4-9677-BA6299677233}.Debug|iPhoneSimulator.Build.0 = Debug|iPhoneSimulator
		{5A795BC0-1B85-47C4-9677-BA6299677233}.Release|iPhoneSimulator.ActiveCfg = Release|iPhoneSimulator
		{5A795BC0-1B85-47C4-9677-BA6299677233}.Release|iPhoneSimulator.Build.0 = Release|iPhoneSimulator
		{5A795BC0-1B85-47C4-9677-BA6299677233}.Debug|iPhone.ActiveCfg = Debug|iPhone
		{5A795BC0-1B85-47C4-9677-BA6299677233}.Debug|iPhone.Build.0 = Debug|iPhone
		{5A795BC0-1B85-47C4-9677-BA6299677233}.Release|iPhone.ActiveCfg = Release|iPhone
		{5A795BC0-1B85-47C4-9677-BA6299677233}.Release|iPhone.Build.0 = Release|iPhone
		{285C7120-3753-45F8-9378-AD64FEAECC7F}.Debug|Any CPU.ActiveCfg = Debug|Any CPU
		{285C7120-3753-45F8-9378-AD64FEAECC7F}.Debug|Any CPU.Build.0 = Debug|Any CPU
		{285C7120-3753-45F8-9378-AD64FEAECC7F}.Release|Any CPU.ActiveCfg = Release|Any CPU
		{285C7120-3753-45F8-9378-AD64FEAECC7F}.Release|Any CPU.Build.0 = Release|Any CPU
		{285C7120-3753-45F8-9378-AD64FEAECC7F}.Debug|iPhoneSimulator.ActiveCfg = Debug|Any CPU
		{285C7120-3753-45F8-9378-AD64FEAECC7F}.Debug|iPhoneSimulator.Build.0 = Debug|Any CPU
		{285C7120-3753-45F8-9378-AD64FEAECC7F}.Release|iPhoneSimulator.ActiveCfg = Release|Any CPU
		{285C7120-3753-45F8-9378-AD64FEAECC7F}.Release|iPhoneSimulator.Build.0 = Release|Any CPU
		{285C7120-3753-45F8-9378-AD64FEAECC7F}.Debug|iPhone.ActiveCfg = Debug|Any CPU
		{285C7120-3753-45F8-9378-AD64FEAECC7F}.Debug|iPhone.Build.0 = Debug|Any CPU
		{285C7120-3753-45F8-9378-AD64FEAECC7F}.Release|iPhone.ActiveCfg = Release|Any CPU
		{285C7120-3753-45F8-9378-AD64FEAECC7F}.Release|iPhone.Build.0 = Release|Any CPU
	EndGlobalSection
	GlobalSection(SolutionProperties) = preSolution
		HideSolutionNode = FALSE
	EndGlobalSection
	GlobalSection(ExtensibilityGlobals) = postSolution
		SolutionGuid = {6259CB16-88E0-47C1-9FAA-4B43A98875A2}
	EndGlobalSection
EndGlobal
